<?xml version="1.0" encoding="utf-8"?>
<Project ToolsVersion="4.0" xmlns="http://schemas.microsoft.com/developer/msbuild/2003">
  <ItemGroup>
    <Filter Include="Header Files">
      <UniqueIdentifier>{93995380-89BD-4b04-88EB-625FBE52EBFB}</UniqueIdentifier>
      <Extensions>h;hpp;hxx;hm;inl;inc;xsd</Extensions>
    </Filter>
    <Filter Include="Resource Files">
      <UniqueIdentifier>{67DA6AB6-F800-4c08-8B7A-83BB121AAD01}</UniqueIdentifier>
      <Extensions>rc;ico;cur;bmp;dlg;rc2;rct;bin;rgs;gif;jpg;jpeg;jpe;resx;tiff;tif;png;wav;mfcribbon-ms</Extensions>
    </Filter>
    <Filter Include="HTML Help Files">
      <UniqueIdentifier>{746c4e69-0ab6-453a-8b63-c48eebfcc6ea}</UniqueIdentifier>
      <Extensions>hhp;hhc;hhk;gif;jpg</Extensions>
    </Filter>
    <Filter Include="HTML Help Topics">
      <UniqueIdentifier>{0218bb63-8309-4c8f-a293-6b4f189314f3}</UniqueIdentifier>
      <Extensions>htm;html</Extensions>
    </Filter>
    <Filter Include="HTML Help Files\Source Files">
      <UniqueIdentifier>{4FC737F1-C7A5-4376-A066-2A32D752A2FF}</UniqueIdentifier>
      <Extensions>cpp;c;cc;cxx;def;odl;idl;hpj;bat;asm;asmx</Extensions>
    </Filter>
  </ItemGroup>
  <ItemGroup>
    <None Include="ReadMe.txt" />
    <None Include="res\PasswordGenerator.rc2">
      <Filter>Resource Files</Filter>
    </None>
    <None Include="res\Password Generator.ico">
      <Filter>Resource Files</Filter>
    </None>
    <None Include="hlp\PasswordGenerator.hhk">
      <Filter>HTML Help Files</Filter>
    </None>
    <None Include="hlp\HIDD_ROOT_DIALOG.htm">
      <Filter>HTML Help Topics</Filter>
    </None>
    <None Include="hlp\PasswordGenerator.hhc">
      <Filter>HTML Help Files</Filter>
    </None>
    <None Include="res\bitmap1.bmp">
      <Filter>Resource Files</Filter>
    </None>
    <None Include="res\bitmap2.bmp">
      <Filter>Resource Files</Filter>
    </None>
    <None Include="res\antech.ico">
      <Filter>Resource Files</Filter>
    </None>
  </ItemGroup>
  <ItemGroup>
    <ClInclude Include="Password Generator.h">
      <Filter>Header Files</Filter>
    </ClInclude>
    <ClInclude Include="Password GeneratorDlg.h">
      <Filter>Header Files</Filter>
    </ClInclude>
    <ClInclude Include="stdafx.h">
      <Filter>Header Files</Filter>
    </ClInclude>
    <ClInclude Include="targetver.h">
      <Filter>Header Files</Filter>
    </ClInclude>
    <ClInclude Include="Validation.h">
      <Filter>Header Files</Filter>
    </ClInclude>
  </ItemGroup>
  <ItemGroup>
    <ClCompile Include="Password Generator.cpp">
      <Filter>HTML Help Files\Source Files</Filter>
    </ClCompile>
    <ClCompile Include="Password GeneratorDlg.cpp">
      <Filter>HTML Help Files\Source Files</Filter>
    </ClCompile>
    <ClCompile Include="stdafx.cpp">
      <Filter>HTML Help Files\Source Files</Filter>
    </ClCompile>
    <ClCompile Include="Validation.cpp">
      <Filter>HTML Help Files\Source Files</Filter>
    </ClCompile>
  </ItemGroup>
  <ItemGroup>
    <ResourceCompile Include="Password Generator.rc">
      <Filter>Resource Files</Filter>
    </ResourceCompile>
  </ItemGroup>
  <ItemGroup>
    <CustomBuild Include="hlp\PasswordGenerator.hhp">
      <Filter>HTML Help Files</Filter>
    </CustomBuild>
    <CustomBuild Include="Resource.h">
      <Filter>Header Files</Filter>
    </CustomBuild>
  </ItemGroup>
</Project>